// !$*UTF8*$!
{
	archiveVersion = 1;
	classes = {
	};
	objectVersion = 48;
	objects = {

/* Begin PBXBuildFile section */
		EB1BFCA320337C9D005578DA /* UIViewController+Additions.swift in Sources */ = {isa = PBXBuildFile; fileRef = EB1BFCA220337C9D005578DA /* UIViewController+Additions.swift */; };
		EB1BFCA520338097005578DA /* RepositoryTests.swift in Sources */ = {isa = PBXBuildFile; fileRef = EB1BFCA420338097005578DA /* RepositoryTests.swift */; };
		EB1BFCA720338185005578DA /* Repository.swift in Sources */ = {isa = PBXBuildFile; fileRef = EB1BFCA620338185005578DA /* Repository.swift */; };
		EB5DF6C120362B96004D8746 /* WikiViewController.swift in Sources */ = {isa = PBXBuildFile; fileRef = EB5DF6BF20362B96004D8746 /* WikiViewController.swift */; };
		EB5DF6C220362B96004D8746 /* WikiViewController.xib in Resources */ = {isa = PBXBuildFile; fileRef = EB5DF6C020362B96004D8746 /* WikiViewController.xib */; };
		EB5DF6C520364529004D8746 /* HouseListViewController.swift in Sources */ = {isa = PBXBuildFile; fileRef = EB5DF6C320364529004D8746 /* HouseListViewController.swift */; };
		EB5DF6C620364529004D8746 /* HouseListViewController.xib in Resources */ = {isa = PBXBuildFile; fileRef = EB5DF6C420364529004D8746 /* HouseListViewController.xib */; };
		EB92FFC92032387A00511E1A /* codeIsComing.png in Resources */ = {isa = PBXBuildFile; fileRef = EB92FFC62032387A00511E1A /* codeIsComing.png */; };
		EB92FFCA2032387A00511E1A /* lannister.jpg in Resources */ = {isa = PBXBuildFile; fileRef = EB92FFC72032387A00511E1A /* lannister.jpg */; };
		EB92FFCB2032387A00511E1A /* targaryenSmall.jpg in Resources */ = {isa = PBXBuildFile; fileRef = EB92FFC82032387A00511E1A /* targaryenSmall.jpg */; };
		EB92FFD020323A8800511E1A /* HouseDetailViewController.swift in Sources */ = {isa = PBXBuildFile; fileRef = EB92FFCE20323A8800511E1A /* HouseDetailViewController.swift */; };
		EB92FFD120323A8800511E1A /* HouseDetailViewController.xib in Resources */ = {isa = PBXBuildFile; fileRef = EB92FFCF20323A8800511E1A /* HouseDetailViewController.xib */; };
		EBE50C14202CE4CB006D3C34 /* AppDelegate.swift in Sources */ = {isa = PBXBuildFile; fileRef = EBE50C13202CE4CB006D3C34 /* AppDelegate.swift */; };
		EBE50C1B202CE4CB006D3C34 /* Assets.xcassets in Resources */ = {isa = PBXBuildFile; fileRef = EBE50C1A202CE4CB006D3C34 /* Assets.xcassets */; };
		EBE50C1E202CE4CB006D3C34 /* LaunchScreen.storyboard in Resources */ = {isa = PBXBuildFile; fileRef = EBE50C1C202CE4CB006D3C34 /* LaunchScreen.storyboard */; };
		EBE50C35202CF01B006D3C34 /* HouseTest.swift in Sources */ = {isa = PBXBuildFile; fileRef = EBE50C34202CF01B006D3C34 /* HouseTest.swift */; };
		EBE50C37202CF1C3006D3C34 /* House.swift in Sources */ = {isa = PBXBuildFile; fileRef = EBE50C36202CF1C3006D3C34 /* House.swift */; };
		EBE50C39202CFE0B006D3C34 /* Person.swift in Sources */ = {isa = PBXBuildFile; fileRef = EBE50C38202CFE0B006D3C34 /* Person.swift */; };
		EBE50C3B202CFE44006D3C34 /* PersonTests.swift in Sources */ = {isa = PBXBuildFile; fileRef = EBE50C3A202CFE44006D3C34 /* PersonTests.swift */; };
/* End PBXBuildFile section */

/* Begin PBXContainerItemProxy section */
		EBE50C25202CE4CB006D3C34 /* PBXContainerItemProxy */ = {
			isa = PBXContainerItemProxy;
			containerPortal = EBE50C08202CE4CB006D3C34 /* Project object */;
			proxyType = 1;
			remoteGlobalIDString = EBE50C0F202CE4CB006D3C34;
			remoteInfo = westeros;
		};
/* End PBXContainerItemProxy section */

/* Begin PBXFileReference section */
		EB1BFCA220337C9D005578DA /* UIViewController+Additions.swift */ = {isa = PBXFileReference; lastKnownFileType = sourcecode.swift; path = "UIViewController+Additions.swift"; sourceTree = "<group>"; };
		EB1BFCA420338097005578DA /* RepositoryTests.swift */ = {isa = PBXFileReference; lastKnownFileType = sourcecode.swift; path = RepositoryTests.swift; sourceTree = "<group>"; };
		EB1BFCA620338185005578DA /* Repository.swift */ = {isa = PBXFileReference; lastKnownFileType = sourcecode.swift; path = Repository.swift; sourceTree = "<group>"; };
		EB5DF6BF20362B96004D8746 /* WikiViewController.swift */ = {isa = PBXFileReference; lastKnownFileType = sourcecode.swift; path = WikiViewController.swift; sourceTree = "<group>"; };
		EB5DF6C020362B96004D8746 /* WikiViewController.xib */ = {isa = PBXFileReference; lastKnownFileType = file.xib; path = WikiViewController.xib; sourceTree = "<group>"; };
		EB5DF6C320364529004D8746 /* HouseListViewController.swift */ = {isa = PBXFileReference; lastKnownFileType = sourcecode.swift; path = HouseListViewController.swift; sourceTree = "<group>"; };
		EB5DF6C420364529004D8746 /* HouseListViewController.xib */ = {isa = PBXFileReference; lastKnownFileType = file.xib; path = HouseListViewController.xib; sourceTree = "<group>"; };
		EB92FFC62032387A00511E1A /* codeIsComing.png */ = {isa = PBXFileReference; lastKnownFileType = image.png; path = codeIsComing.png; sourceTree = "<group>"; };
		EB92FFC72032387A00511E1A /* lannister.jpg */ = {isa = PBXFileReference; lastKnownFileType = image.jpeg; path = lannister.jpg; sourceTree = "<group>"; };
		EB92FFC82032387A00511E1A /* targaryenSmall.jpg */ = {isa = PBXFileReference; lastKnownFileType = image.jpeg; path = targaryenSmall.jpg; sourceTree = "<group>"; };
		EB92FFCE20323A8800511E1A /* HouseDetailViewController.swift */ = {isa = PBXFileReference; lastKnownFileType = sourcecode.swift; path = HouseDetailViewController.swift; sourceTree = "<group>"; };
		EB92FFCF20323A8800511E1A /* HouseDetailViewController.xib */ = {isa = PBXFileReference; lastKnownFileType = file.xib; path = HouseDetailViewController.xib; sourceTree = "<group>"; };
		EBE50C10202CE4CB006D3C34 /* westeros.app */ = {isa = PBXFileReference; explicitFileType = wrapper.application; includeInIndex = 0; path = westeros.app; sourceTree = BUILT_PRODUCTS_DIR; };
		EBE50C13202CE4CB006D3C34 /* AppDelegate.swift */ = {isa = PBXFileReference; lastKnownFileType = sourcecode.swift; path = AppDelegate.swift; sourceTree = "<group>"; };
		EBE50C1A202CE4CB006D3C34 /* Assets.xcassets */ = {isa = PBXFileReference; lastKnownFileType = folder.assetcatalog; path = Assets.xcassets; sourceTree = "<group>"; };
		EBE50C1D202CE4CB006D3C34 /* Base */ = {isa = PBXFileReference; lastKnownFileType = file.storyboard; name = Base; path = Base.lproj/LaunchScreen.storyboard; sourceTree = "<group>"; };
		EBE50C1F202CE4CB006D3C34 /* Info.plist */ = {isa = PBXFileReference; lastKnownFileType = text.plist.xml; path = Info.plist; sourceTree = "<group>"; };
		EBE50C24202CE4CB006D3C34 /* westerosTests.xctest */ = {isa = PBXFileReference; explicitFileType = wrapper.cfbundle; includeInIndex = 0; path = westerosTests.xctest; sourceTree = BUILT_PRODUCTS_DIR; };
		EBE50C2A202CE4CB006D3C34 /* Info.plist */ = {isa = PBXFileReference; lastKnownFileType = text.plist.xml; path = Info.plist; sourceTree = "<group>"; };
		EBE50C34202CF01B006D3C34 /* HouseTest.swift */ = {isa = PBXFileReference; lastKnownFileType = sourcecode.swift; path = HouseTest.swift; sourceTree = "<group>"; };
		EBE50C36202CF1C3006D3C34 /* House.swift */ = {isa = PBXFileReference; lastKnownFileType = sourcecode.swift; path = House.swift; sourceTree = "<group>"; };
		EBE50C38202CFE0B006D3C34 /* Person.swift */ = {isa = PBXFileReference; lastKnownFileType = sourcecode.swift; path = Person.swift; sourceTree = "<group>"; };
		EBE50C3A202CFE44006D3C34 /* PersonTests.swift */ = {isa = PBXFileReference; lastKnownFileType = sourcecode.swift; path = PersonTests.swift; sourceTree = "<group>"; };
/* End PBXFileReference section */

/* Begin PBXFrameworksBuildPhase section */
		EBE50C0D202CE4CB006D3C34 /* Frameworks */ = {
			isa = PBXFrameworksBuildPhase;
			buildActionMask = 2147483647;
			files = (
			);
			runOnlyForDeploymentPostprocessing = 0;
		};
		EBE50C21202CE4CB006D3C34 /* Frameworks */ = {
			isa = PBXFrameworksBuildPhase;
			buildActionMask = 2147483647;
			files = (
			);
			runOnlyForDeploymentPostprocessing = 0;
		};
/* End PBXFrameworksBuildPhase section */

/* Begin PBXGroup section */
		EB1BFCA120337C58005578DA /* UIKitExtensions */ = {
			isa = PBXGroup;
			children = (
				EB1BFCA220337C9D005578DA /* UIViewController+Additions.swift */,
			);
			path = UIKitExtensions;
			sourceTree = "<group>";
		};
		EB92FFCC2032390E00511E1A /* Domain */ = {
			isa = PBXGroup;
			children = (
				EBE50C36202CF1C3006D3C34 /* House.swift */,
				EBE50C38202CFE0B006D3C34 /* Person.swift */,
				EB1BFCA620338185005578DA /* Repository.swift */,
			);
			path = Domain;
			sourceTree = "<group>";
		};
		EB92FFCD2032391A00511E1A /* Images */ = {
			isa = PBXGroup;
			children = (
				EB92FFC62032387A00511E1A /* codeIsComing.png */,
				EB92FFC72032387A00511E1A /* lannister.jpg */,
				EB92FFC82032387A00511E1A /* targaryenSmall.jpg */,
			);
			path = Images;
			sourceTree = "<group>";
		};
		EB92FFD220323AC800511E1A /* Controllers */ = {
			isa = PBXGroup;
			children = (
				EB92FFCE20323A8800511E1A /* HouseDetailViewController.swift */,
				EB5DF6C320364529004D8746 /* HouseListViewController.swift */,
				EB5DF6C420364529004D8746 /* HouseListViewController.xib */,
				EB92FFCF20323A8800511E1A /* HouseDetailViewController.xib */,
				EB5DF6BF20362B96004D8746 /* WikiViewController.swift */,
				EB5DF6C020362B96004D8746 /* WikiViewController.xib */,
			);
			path = Controllers;
			sourceTree = "<group>";
		};
		EBE50C07202CE4CB006D3C34 = {
			isa = PBXGroup;
			children = (
				EBE50C12202CE4CB006D3C34 /* westeros */,
				EBE50C27202CE4CB006D3C34 /* westerosTests */,
				EBE50C11202CE4CB006D3C34 /* Products */,
			);
			sourceTree = "<group>";
		};
		EBE50C11202CE4CB006D3C34 /* Products */ = {
			isa = PBXGroup;
			children = (
				EBE50C10202CE4CB006D3C34 /* westeros.app */,
				EBE50C24202CE4CB006D3C34 /* westerosTests.xctest */,
			);
			name = Products;
			sourceTree = "<group>";
		};
		EBE50C12202CE4CB006D3C34 /* westeros */ = {
			isa = PBXGroup;
			children = (
				EB1BFCA120337C58005578DA /* UIKitExtensions */,
				EB92FFD220323AC800511E1A /* Controllers */,
				EB92FFCC2032390E00511E1A /* Domain */,
				EB92FFCD2032391A00511E1A /* Images */,
				EBE50C13202CE4CB006D3C34 /* AppDelegate.swift */,
				EBE50C1A202CE4CB006D3C34 /* Assets.xcassets */,
				EBE50C1C202CE4CB006D3C34 /* LaunchScreen.storyboard */,
				EBE50C1F202CE4CB006D3C34 /* Info.plist */,
			);
			path = westeros;
			sourceTree = "<group>";
		};
		EBE50C27202CE4CB006D3C34 /* westerosTests */ = {
			isa = PBXGroup;
			children = (
				EBE50C2A202CE4CB006D3C34 /* Info.plist */,
				EBE50C34202CF01B006D3C34 /* HouseTest.swift */,
				EB1BFCA420338097005578DA /* RepositoryTests.swift */,
				EBE50C3A202CFE44006D3C34 /* PersonTests.swift */,
			);
			path = westerosTests;
			sourceTree = "<group>";
		};
/* End PBXGroup section */

/* Begin PBXNativeTarget section */
		EBE50C0F202CE4CB006D3C34 /* westeros */ = {
			isa = PBXNativeTarget;
			buildConfigurationList = EBE50C2D202CE4CB006D3C34 /* Build configuration list for PBXNativeTarget "westeros" */;
			buildPhases = (
				EBE50C0C202CE4CB006D3C34 /* Sources */,
				EBE50C0D202CE4CB006D3C34 /* Frameworks */,
				EBE50C0E202CE4CB006D3C34 /* Resources */,
			);
			buildRules = (
			);
			dependencies = (
			);
			name = westeros;
			productName = westeros;
			productReference = EBE50C10202CE4CB006D3C34 /* westeros.app */;
			productType = "com.apple.product-type.application";
		};
		EBE50C23202CE4CB006D3C34 /* westerosTests */ = {
			isa = PBXNativeTarget;
			buildConfigurationList = EBE50C30202CE4CB006D3C34 /* Build configuration list for PBXNativeTarget "westerosTests" */;
			buildPhases = (
				EBE50C20202CE4CB006D3C34 /* Sources */,
				EBE50C21202CE4CB006D3C34 /* Frameworks */,
				EBE50C22202CE4CB006D3C34 /* Resources */,
			);
			buildRules = (
			);
			dependencies = (
				EBE50C26202CE4CB006D3C34 /* PBXTargetDependency */,
			);
			name = westerosTests;
			productName = westerosTests;
			productReference = EBE50C24202CE4CB006D3C34 /* westerosTests.xctest */;
			productType = "com.apple.product-type.bundle.unit-test";
		};
/* End PBXNativeTarget section */

/* Begin PBXProject section */
		EBE50C08202CE4CB006D3C34 /* Project object */ = {
			isa = PBXProject;
			attributes = {
				LastSwiftUpdateCheck = 0920;
				LastUpgradeCheck = 0920;
				ORGANIZATIONNAME = "Hector Aguado";
				TargetAttributes = {
					EBE50C0F202CE4CB006D3C34 = {
						CreatedOnToolsVersion = 9.2;
						ProvisioningStyle = Automatic;
					};
					EBE50C23202CE4CB006D3C34 = {
						CreatedOnToolsVersion = 9.2;
						LastSwiftMigration = 0920;
						ProvisioningStyle = Automatic;
						TestTargetID = EBE50C0F202CE4CB006D3C34;
					};
				};
			};
			buildConfigurationList = EBE50C0B202CE4CB006D3C34 /* Build configuration list for PBXProject "westeros" */;
			compatibilityVersion = "Xcode 8.0";
			developmentRegion = en;
			hasScannedForEncodings = 0;
			knownRegions = (
				en,
				Base,
			);
			mainGroup = EBE50C07202CE4CB006D3C34;
			productRefGroup = EBE50C11202CE4CB006D3C34 /* Products */;
			projectDirPath = "";
			projectRoot = "";
			targets = (
				EBE50C0F202CE4CB006D3C34 /* westeros */,
				EBE50C23202CE4CB006D3C34 /* westerosTests */,
			);
		};
/* End PBXProject section */

/* Begin PBXResourcesBuildPhase section */
		EBE50C0E202CE4CB006D3C34 /* Resources */ = {
			isa = PBXResourcesBuildPhase;
			buildActionMask = 2147483647;
			files = (
				EB92FFCA2032387A00511E1A /* lannister.jpg in Resources */,
				EB5DF6C220362B96004D8746 /* WikiViewController.xib in Resources */,
				EB92FFCB2032387A00511E1A /* targaryenSmall.jpg in Resources */,
				EB5DF6C620364529004D8746 /* HouseListViewController.xib in Resources */,
				EB92FFD120323A8800511E1A /* HouseDetailViewController.xib in Resources */,
				EB92FFC92032387A00511E1A /* codeIsComing.png in Resources */,
				EBE50C1E202CE4CB006D3C34 /* LaunchScreen.storyboard in Resources */,
				EBE50C1B202CE4CB006D3C34 /* Assets.xcassets in Resources */,
			);
			runOnlyForDeploymentPostprocessing = 0;
		};
		EBE50C22202CE4CB006D3C34 /* Resources */ = {
			isa = PBXResourcesBuildPhase;
			buildActionMask = 2147483647;
			files = (
			);
			runOnlyForDeploymentPostprocessing = 0;
		};
/* End PBXResourcesBuildPhase section */

/* Begin PBXSourcesBuildPhase section */
		EBE50C0C202CE4CB006D3C34 /* Sources */ = {
			isa = PBXSourcesBuildPhase;
			buildActionMask = 2147483647;
			files = (
				EB92FFD020323A8800511E1A /* HouseDetailViewController.swift in Sources */,
				EBE50C39202CFE0B006D3C34 /* Person.swift in Sources */,
				EBE50C37202CF1C3006D3C34 /* House.swift in Sources */,
				EB1BFCA320337C9D005578DA /* UIViewController+Additions.swift in Sources */,
				EBE50C14202CE4CB006D3C34 /* AppDelegate.swift in Sources */,
				EB1BFCA720338185005578DA /* Repository.swift in Sources */,
				EB5DF6C120362B96004D8746 /* WikiViewController.swift in Sources */,
				EB5DF6C520364529004D8746 /* HouseListViewController.swift in Sources */,
			);
			runOnlyForDeploymentPostprocessing = 0;
		};
		EBE50C20202CE4CB006D3C34 /* Sources */ = {
			isa = PBXSourcesBuildPhase;
			buildActionMask = 2147483647;
			files = (
				EBE50C35202CF01B006D3C34 /* HouseTest.swift in Sources */,
				EBE50C3B202CFE44006D3C34 /* PersonTests.swift in Sources */,
				EB1BFCA520338097005578DA /* RepositoryTests.swift in Sources */,
			);
			runOnlyForDeploymentPostprocessing = 0;
		};
/* End PBXSourcesBuildPhase section */

/* Begin PBXTargetDependency section */
		EBE50C26202CE4CB006D3C34 /* PBXTargetDependency */ = {
			isa = PBXTargetDependency;
			target = EBE50C0F202CE4CB006D3C34 /* westeros */;
			targetProxy = EBE50C25202CE4CB006D3C34 /* PBXContainerItemProxy */;
		};
/* End PBXTargetDependency section */

/* Begin PBXVariantGroup section */
		EBE50C1C202CE4CB006D3C34 /* LaunchScreen.storyboard */ = {
			isa = PBXVariantGroup;
			children = (
				EBE50C1D202CE4CB006D3C34 /* Base */,
			);
			name = LaunchScreen.storyboard;
			sourceTree = "<group>";
		};
/* End PBXVariantGroup section */

/* Begin XCBuildConfiguration section */
		EBE50C2B202CE4CB006D3C34 /* Debug */ = {
			isa = XCBuildConfiguration;
			buildSettings = {
				ALWAYS_SEARCH_USER_PATHS = NO;
				CLANG_ANALYZER_NONNULL = YES;
				CLANG_ANALYZER_NUMBER_OBJECT_CONVERSION = YES_AGGRESSIVE;
				CLANG_CXX_LANGUAGE_STANDARD = "gnu++14";
				CLANG_CXX_LIBRARY = "libc++";
				CLANG_ENABLE_MODULES = YES;
				CLANG_ENABLE_OBJC_ARC = YES;
				CLANG_WARN_BLOCK_CAPTURE_AUTORELEASING = YES;
				CLANG_WARN_BOOL_CONVERSION = YES;
				CLANG_WARN_COMMA = YES;
				CLANG_WARN_CONSTANT_CONVERSION = YES;
				CLANG_WARN_DIRECT_OBJC_ISA_USAGE = YES_ERROR;
				CLANG_WARN_DOCUMENTATION_COMMENTS = YES;
				CLANG_WARN_EMPTY_BODY = YES;
				CLANG_WARN_ENUM_CONVERSION = YES;
				CLANG_WARN_INFINITE_RECURSION = YES;
				CLANG_WARN_INT_CONVERSION = YES;
				CLANG_WARN_NON_LITERAL_NULL_CONVERSION = YES;
				CLANG_WARN_OBJC_LITERAL_CONVERSION = YES;
				CLANG_WARN_OBJC_ROOT_CLASS = YES_ERROR;
				CLANG_WARN_RANGE_LOOP_ANALYSIS = YES;
				CLANG_WARN_STRICT_PROTOTYPES = YES;
				CLANG_WARN_SUSPICIOUS_MOVE = YES;
				CLANG_WARN_UNGUARDED_AVAILABILITY = YES_AGGRESSIVE;
				CLANG_WARN_UNREACHABLE_CODE = YES;
				CLANG_WARN__DUPLICATE_METHOD_MATCH = YES;
				CODE_SIGN_IDENTITY = "iPhone Developer";
				COPY_PHASE_STRIP = NO;
				DEBUG_INFORMATION_FORMAT = dwarf;
				ENABLE_STRICT_OBJC_MSGSEND = YES;
				ENABLE_TESTABILITY = YES;
				GCC_C_LANGUAGE_STANDARD = gnu11;
				GCC_DYNAMIC_NO_PIC = NO;
				GCC_NO_COMMON_BLOCKS = YES;
				GCC_OPTIMIZATION_LEVEL = 0;
				GCC_PREPROCESSOR_DEFINITIONS = (
					"DEBUG=1",
					"$(inherited)",
				);
				GCC_WARN_64_TO_32_BIT_CONVERSION = YES;
				GCC_WARN_ABOUT_RETURN_TYPE = YES_ERROR;
				GCC_WARN_UNDECLARED_SELECTOR = YES;
				GCC_WARN_UNINITIALIZED_AUTOS = YES_AGGRESSIVE;
				GCC_WARN_UNUSED_FUNCTION = YES;
				GCC_WARN_UNUSED_VARIABLE = YES;
				IPHONEOS_DEPLOYMENT_TARGET = 11.2;
				MTL_ENABLE_DEBUG_INFO = YES;
				ONLY_ACTIVE_ARCH = YES;
				SDKROOT = iphoneos;
				SWIFT_ACTIVE_COMPILATION_CONDITIONS = DEBUG;
				SWIFT_OPTIMIZATION_LEVEL = "-Onone";
			};
			name = Debug;
		};
		EBE50C2C202CE4CB006D3C34 /* Release */ = {
			isa = XCBuildConfiguration;
			buildSettings = {
				ALWAYS_SEARCH_USER_PATHS = NO;
				CLANG_ANALYZER_NONNULL = YES;
				CLANG_ANALYZER_NUMBER_OBJECT_CONVERSION = YES_AGGRESSIVE;
				CLANG_CXX_LANGUAGE_STANDARD = "gnu++14";
				CLANG_CXX_LIBRARY = "libc++";
				CLANG_ENABLE_MODULES = YES;
				CLANG_ENABLE_OBJC_ARC = YES;
				CLANG_WARN_BLOCK_CAPTURE_AUTORELEASING = YES;
				CLANG_WARN_BOOL_CONVERSION = YES;
				CLANG_WARN_COMMA = YES;
				CLANG_WARN_CONSTANT_CONVERSION = YES;
				CLANG_WARN_DIRECT_OBJC_ISA_USAGE = YES_ERROR;
				CLANG_WARN_DOCUMENTATION_COMMENTS = YES;
				CLANG_WARN_EMPTY_BODY = YES;
				CLANG_WARN_ENUM_CONVERSION = YES;
				CLANG_WARN_INFINITE_RECURSION = YES;
				CLANG_WARN_INT_CONVERSION = YES;
				CLANG_WARN_NON_LITERAL_NULL_CONVERSION = YES;
				CLANG_WARN_OBJC_LITERAL_CONVERSION = YES;
				CLANG_WARN_OBJC_ROOT_CLASS = YES_ERROR;
				CLANG_WARN_RANGE_LOOP_ANALYSIS = YES;
				CLANG_WARN_STRICT_PROTOTYPES = YES;
				CLANG_WARN_SUSPICIOUS_MOVE = YES;
				CLANG_WARN_UNGUARDED_AVAILABILITY = YES_AGGRESSIVE;
				CLANG_WARN_UNREACHABLE_CODE = YES;
				CLANG_WARN__DUPLICATE_METHOD_MATCH = YES;
				CODE_SIGN_IDENTITY = "iPhone Developer";
				COPY_PHASE_STRIP = NO;
				DEBUG_INFORMATION_FORMAT = "dwarf-with-dsym";
				ENABLE_NS_ASSERTIONS = NO;
				ENABLE_STRICT_OBJC_MSGSEND = YES;
				GCC_C_LANGUAGE_STANDARD = gnu11;
				GCC_NO_COMMON_BLOCKS = YES;
				GCC_WARN_64_TO_32_BIT_CONVERSION = YES;
				GCC_WARN_ABOUT_RETURN_TYPE = YES_ERROR;
				GCC_WARN_UNDECLARED_SELECTOR = YES;
				GCC_WARN_UNINITIALIZED_AUTOS = YES_AGGRESSIVE;
				GCC_WARN_UNUSED_FUNCTION = YES;
				GCC_WARN_UNUSED_VARIABLE = YES;
				IPHONEOS_DEPLOYMENT_TARGET = 11.2;
				MTL_ENABLE_DEBUG_INFO = NO;
				SDKROOT = iphoneos;
				SWIFT_OPTIMIZATION_LEVEL = "-Owholemodule";
				VALIDATE_PRODUCT = YES;
			};
			name = Release;
		};
		EBE50C2E202CE4CB006D3C34 /* Debug */ = {
			isa = XCBuildConfiguration;
			buildSettings = {
				ASSETCATALOG_COMPILER_APPICON_NAME = AppIcon;
				CODE_SIGN_STYLE = Automatic;
				DEVELOPMENT_TEAM = X28M3AJ5PU;
				INFOPLIST_FILE = westeros/Info.plist;
				LD_RUNPATH_SEARCH_PATHS = "$(inherited) @executable_path/Frameworks";
				PRODUCT_BUNDLE_IDENTIFIER = com.haguado.westeros;
				PRODUCT_NAME = "$(TARGET_NAME)";
				SWIFT_VERSION = 4.0;
				TARGETED_DEVICE_FAMILY = "1,2";
			};
			name = Debug;
		};
		EBE50C2F202CE4CB006D3C34 /* Release */ = {
			isa = XCBuildConfiguration;
			buildSettings = {
				ASSETCATALOG_COMPILER_APPICON_NAME = AppIcon;
				CODE_SIGN_STYLE = Automatic;
				DEVELOPMENT_TEAM = X28M3AJ5PU;
				INFOPLIST_FILE = westeros/Info.plist;
				LD_RUNPATH_SEARCH_PATHS = "$(inherited) @executable_path/Frameworks";
				PRODUCT_BUNDLE_IDENTIFIER = com.haguado.westeros;
				PRODUCT_NAME = "$(TARGET_NAME)";
				SWIFT_VERSION = 4.0;
				TARGETED_DEVICE_FAMILY = "1,2";
			};
			name = Release;
		};
		EBE50C31202CE4CB006D3C34 /* Debug */ = {
			isa = XCBuildConfiguration;
			buildSettings = {
				ALWAYS_EMBED_SWIFT_STANDARD_LIBRARIES = YES;
				BUNDLE_LOADER = "$(TEST_HOST)";
				CLANG_ENABLE_MODULES = YES;
				CODE_SIGN_STYLE = Automatic;
				DEVELOPMENT_TEAM = X28M3AJ5PU;
				INFOPLIST_FILE = westerosTests/Info.plist;
				LD_RUNPATH_SEARCH_PATHS = "$(inherited) @executable_path/Frameworks @loader_path/Frameworks";
				PRODUCT_BUNDLE_IDENTIFIER = com.haguado.westerosTests;
				PRODUCT_NAME = "$(TARGET_NAME)";
				SWIFT_OPTIMIZATION_LEVEL = "-Onone";
				SWIFT_VERSION = 4.0;
				TARGETED_DEVICE_FAMILY = "1,2";
				TEST_HOST = "$(BUILT_PRODUCTS_DIR)/westeros.app/westeros";
			};
			name = Debug;
		};
		EBE50C32202CE4CB006D3C34 /* Release */ = {
			isa = XCBuildConfiguration;
			buildSettings = {
				ALWAYS_EMBED_SWIFT_STANDARD_LIBRARIES = YES;
				BUNDLE_LOADER = "$(TEST_HOST)";
				CLANG_ENABLE_MODULES = YES;
				CODE_SIGN_STYLE = Automatic;
				DEVELOPMENT_TEAM = X28M3AJ5PU;
				INFOPLIST_FILE = westerosTests/Info.plist;
				LD_RUNPATH_SEARCH_PATHS = "$(inherited) @executable_path/Frameworks @loader_path/Frameworks";
				PRODUCT_BUNDLE_IDENTIFIER = com.haguado.westerosTests;
				PRODUCT_NAME = "$(TARGET_NAME)";
				SWIFT_VERSION = 4.0;
				TARGETED_DEVICE_FAMILY = "1,2";
				TEST_HOST = "$(BUILT_PRODUCTS_DIR)/westeros.app/westeros";
			};
			name = Release;
		};
/* End XCBuildConfiguration section */

/* Begin XCConfigurationList section */
		EBE50C0B202CE4CB006D3C34 /* Build configuration list for PBXProject "westeros" */ = {
			isa = XCConfigurationList;
			buildConfigurations = (
				EBE50C2B202CE4CB006D3C34 /* Debug */,
				EBE50C2C202CE4CB006D3C34 /* Release */,
			);
			defaultConfigurationIsVisible = 0;
			defaultConfigurationName = Release;
		};
		EBE50C2D202CE4CB006D3C34 /* Build configuration list for PBXNativeTarget "westeros" */ = {
			isa = XCConfigurationList;
			buildConfigurations = (
				EBE50C2E202CE4CB006D3C34 /* Debug */,
				EBE50C2F202CE4CB006D3C34 /* Release */,
			);
			defaultConfigurationIsVisible = 0;
			defaultConfigurationName = Release;
		};
		EBE50C30202CE4CB006D3C34 /* Build configuration list for PBXNativeTarget "westerosTests" */ = {
			isa = XCConfigurationList;
			buildConfigurations = (
				EBE50C31202CE4CB006D3C34 /* Debug */,
				EBE50C32202CE4CB006D3C34 /* Release */,
			);
			defaultConfigurationIsVisible = 0;
			defaultConfigurationName = Release;
		};
/* End XCConfigurationList section */
	};
	rootObject = EBE50C08202CE4CB006D3C34 /* Project object */;
}
